
Microsoft Visual Studio Solution File, Format Version 12.00
# Visual Studio Version 17
VisualStudioVersion = 17.8.34408.163
MinimumVisualStudioVersion = 10.0.40219.1
Project("{9A19103F-16F7-4668-BE54-9A1E7A4F7556}") = "FG.Utils.YSYard.Translations", "FG.Utils.YSYard.Translations\FG.Utils.YSYard.Translations.csproj", "{3158F1EB-30AE-444F-903A-0F3F51F828C2}"
EndProject
Project("{9A19103F-16F7-4668-BE54-9A1E7A4F7556}") = "FG.Defs.YSYard.Translations", "FG.Defs.YSYard.Translations\FG.Defs.YSYard.Translations.csproj", "{EDA7E070-481D-48A6-8544-7E94BA83589A}"
EndProject
Project("{9A19103F-16F7-4668-BE54-9A1E7A4F7556}") = "FG.Mods.YSYard.Translations.Mono", "FG.Mods.YSYard.Translations.Mono\FG.Mods.YSYard.Translations.Mono.csproj", "{D9E883C2-F211-454E-BBA5-1C578445D38C}"
EndProject
Project("{FAE04EC0-301F-11D3-BF4B-00C04F79EFBC}") = "FG.Mods.YSYard.Translations.IL2CPP", "FG.Mods.YSYard.Translations.IL2CPP\FG.Mods.YSYard.Translations.IL2CPP.csproj", "{FD4DC53F-F4A3-43B9-A649-44C22187CF1B}"
EndProject
Project("{FAE04EC0-301F-11D3-BF4B-00C04F79EFBC}") = "FG.Defs.YSYard.Translations.Devs", "FG.Defs.YSYard.Translations.Devs\FG.Defs.YSYard.Translations.Devs.csproj", "{E2158929-1153-4BFB-BC0B-5B5D652EE583}"
EndProject
Project("{FAE04EC0-301F-11D3-BF4B-00C04F79EFBC}") = "FG.Mods.YSYard.Translations.Devs", "FG.Mods.YSYard.Translations.Devs\FG.Mods.YSYard.Translations.Devs.csproj", "{4169B822-4FE6-4AC5-8F81-7DDBB3AA6DDC}"
EndProject
Global
	GlobalSection(SolutionConfigurationPlatforms) = preSolution
		Debug|Any CPU = Debug|Any CPU
		Release|Any CPU = Release|Any CPU
	EndGlobalSection
	GlobalSection(ProjectConfigurationPlatforms) = postSolution
		{3158F1EB-30AE-444F-903A-0F3F51F828C2}.Debug|Any CPU.ActiveCfg = Debug|Any CPU
		{3158F1EB-30AE-444F-903A-0F3F51F828C2}.Debug|Any CPU.Build.0 = Debug|Any CPU
		{3158F1EB-30AE-444F-903A-0F3F51F828C2}.Release|Any CPU.ActiveCfg = Release|Any CPU
		{3158F1EB-30AE-444F-903A-0F3F51F828C2}.Release|Any CPU.Build.0 = Release|Any CPU
		{EDA7E070-481D-48A6-8544-7E94BA83589A}.Debug|Any CPU.ActiveCfg = Debug|Any CPU
		{EDA7E070-481D-48A6-8544-7E94BA83589A}.Debug|Any CPU.Build.0 = Debug|Any CPU
		{EDA7E070-481D-48A6-8544-7E94BA83589A}.Release|Any CPU.ActiveCfg = Release|Any CPU
		{EDA7E070-481D-48A6-8544-7E94BA83589A}.Release|Any CPU.Build.0 = Release|Any CPU
		{D9E883C2-F211-454E-BBA5-1C578445D38C}.Debug|Any CPU.ActiveCfg = Debug|Any CPU
		{D9E883C2-F211-454E-BBA5-1C578445D38C}.Debug|Any CPU.Build.0 = Debug|Any CPU
		{D9E883C2-F211-454E-BBA5-1C578445D38C}.Release|Any CPU.ActiveCfg = Release|Any CPU
		{D9E883C2-F211-454E-BBA5-1C578445D38C}.Release|Any CPU.Build.0 = Release|Any CPU
		{FD4DC53F-F4A3-43B9-A649-44C22187CF1B}.Debug|Any CPU.ActiveCfg = Debug|Any CPU
		{FD4DC53F-F4A3-43B9-A649-44C22187CF1B}.Debug|Any CPU.Build.0 = Debug|Any CPU
		{FD4DC53F-F4A3-43B9-A649-44C22187CF1B}.Release|Any CPU.ActiveCfg = Release|Any CPU
		{FD4DC53F-F4A3-43B9-A649-44C22187CF1B}.Release|Any CPU.Build.0 = Release|Any CPU
		{E2158929-1153-4BFB-BC0B-5B5D652EE583}.Debug|Any CPU.ActiveCfg = Debug|Any CPU
		{E2158929-1153-4BFB-BC0B-5B5D652EE583}.Debug|Any CPU.Build.0 = Debug|Any CPU
		{E2158929-1153-4BFB-BC0B-5B5D652EE583}.Release|Any CPU.ActiveCfg = Release|Any CPU
		{E2158929-1153-4BFB-BC0B-5B5D652EE583}.Release|Any CPU.Build.0 = Release|Any CPU
		{4169B822-4FE6-4AC5-8F81-7DDBB3AA6DDC}.Debug|Any CPU.ActiveCfg = Debug|Any CPU
		{4169B822-4FE6-4AC5-8F81-7DDBB3AA6DDC}.Debug|Any CPU.Build.0 = Debug|Any CPU
		{4169B822-4FE6-4AC5-8F81-7DDBB3AA6DDC}.Release|Any CPU.ActiveCfg = Release|Any CPU
		{4169B822-4FE6-4AC5-8F81-7DDBB3AA6DDC}.Release|Any CPU.Build.0 = Release|Any CPU
	EndGlobalSection
	GlobalSection(SolutionProperties) = preSolution
		HideSolutionNode = FALSE
	EndGlobalSection
	GlobalSection(ExtensibilityGlobals) = postSolution
		SolutionGuid = {841B8982-AAE8-4E29-A75C-31DFCDFCBE3C}
	EndGlobalSection
EndGlobal
